
Microsoft Visual Studio Solution File, Format Version 12.00
# Visual Studio Version 17
VisualStudioVersion = 17.13.35825.156 d17.13
MinimumVisualStudioVersion = 10.0.40219.1
Project("{FAE04EC0-301F-11D3-BF4B-00C04F79EFBC}") = "ListaDeCompras", "ListaDeCompras\ListaDeCompras.csproj", "{2B129929-BD03-4B1F-A740-ED64D1C226B0}"
EndProject
Global
	GlobalSection(SolutionConfigurationPlatforms) = preSolution
		Debug|Any CPU = Debug|Any CPU
		Release|Any CPU = Release|Any CPU
	EndGlobalSection
	GlobalSection(ProjectConfigurationPlatforms) = postSolution
		{2B129929-BD03-4B1F-A740-ED64D1C226B0}.Debug|Any CPU.ActiveCfg = Debug|Any CPU
		{2B129929-BD03-4B1F-A740-ED64D1C226B0}.Debug|Any CPU.Build.0 = Debug|Any CPU
		{2B129929-BD03-4B1F-A740-ED64D1C226B0}.Release|Any CPU.ActiveCfg = Release|Any CPU
		{2B129929-BD03-4B1F-A740-ED64D1C226B0}.Release|Any CPU.Build.0 = Release|Any CPU
	EndGlobalSection
	GlobalSection(SolutionProperties) = preSolution
		HideSolutionNode = FALSE
	EndGlobalSection
	GlobalSection(ExtensibilityGlobals) = postSolution
		SolutionGuid = {FCB44B4C-FC77-4DA5-9A03-06A21C390FC0}
	EndGlobalSection
EndGlobal
